{
  "name": "infracost-azure-devops",
  "version": "1.0.0",
  "lockfileVersion": 2,
  "requires": true,
  "packages": {
    "": {
      "name": "infracost-azure-devops",
      "version": "1.0.0",
      "license": "Apache-2.0",
      "dependencies": {
        "js-yaml": "^4.1.0"
      }
    },
    "node_modules/argparse": {
      "version": "2.0.1",
      "license": "Python-2.0"
    },
    "node_modules/js-yaml": {
      "version": "4.1.0",
      "license": "MIT",
      "dependencies": {
        "argparse": "^2.0.1"
      },
      "bin": {
        "js-yaml": "bin/js-yaml.js"
      }
    }
  },
  "dependencies": {
    "argparse": {
      "version": "2.0.1"
    },
    "js-yaml": {
      "version": "4.1.0",
      "requires": {
        "argparse": "^2.0.1"
      }
    }
  }
}
